
Microsoft Visual Studio Solution File, Format Version 12.00
# Visual Studio Version 16
VisualStudioVersion = 16.0.30621.155
MinimumVisualStudioVersion = 10.0.40219.1
Project("{FAE04EC0-301F-11D3-BF4B-00C04F79EFBC}") = "GT Bank Question 3", "GT Bank Question 3.csproj", "{B5DD6D5E-CC28-465B-9865-3F88563C1376}"
EndProject
Global
	GlobalSection(SolutionConfigurationPlatforms) = preSolution
		Debug|Any CPU = Debug|Any CPU
		Release|Any CPU = Release|Any CPU
	EndGlobalSection
	GlobalSection(ProjectConfigurationPlatforms) = postSolution
		{B5DD6D5E-CC28-465B-9865-3F88563C1376}.Debug|Any CPU.ActiveCfg = Debug|Any CPU
		{B5DD6D5E-CC28-465B-9865-3F88563C1376}.Debug|Any CPU.Build.0 = Debug|Any CPU
		{B5DD6D5E-CC28-465B-9865-3F88563C1376}.Release|Any CPU.ActiveCfg = Release|Any CPU
		{B5DD6D5E-CC28-465B-9865-3F88563C1376}.Release|Any CPU.Build.0 = Release|Any CPU
	EndGlobalSection
	GlobalSection(SolutionProperties) = preSolution
		HideSolutionNode = FALSE
	EndGlobalSection
	GlobalSection(ExtensibilityGlobals) = postSolution
		SolutionGuid = {79DE3B59-E63A-42F5-805B-55B0580D2115}
	EndGlobalSection
EndGlobal
